
Microsoft Visual Studio Solution File, Format Version 12.00
# Visual Studio Version 17
VisualStudioVersion = 17.11.35312.102
MinimumVisualStudioVersion = 10.0.40219.1
Project("{9A19103F-16F7-4668-BE54-9A1E7A4F7556}") = "Luyen console", "Luyen console\Luyen console.csproj", "{AE96F038-8630-41C5-84B6-BAC521F8BECB}"
EndProject
Project("{FAE04EC0-301F-11D3-BF4B-00C04F79EFBC}") = "LuyenConsoleApp", "LuyenConsoleApp\LuyenConsoleApp.csproj", "{9623A7E4-EE58-43DC-9475-8709B64BA66F}"
EndProject
Global
	GlobalSection(SolutionConfigurationPlatforms) = preSolution
		Debug|Any CPU = Debug|Any CPU
		Release|Any CPU = Release|Any CPU
	EndGlobalSection
	GlobalSection(ProjectConfigurationPlatforms) = postSolution
		{AE96F038-8630-41C5-84B6-BAC521F8BECB}.Debug|Any CPU.ActiveCfg = Debug|Any CPU
		{AE96F038-8630-41C5-84B6-BAC521F8BECB}.Debug|Any CPU.Build.0 = Debug|Any CPU
		{AE96F038-8630-41C5-84B6-BAC521F8BECB}.Release|Any CPU.ActiveCfg = Release|Any CPU
		{AE96F038-8630-41C5-84B6-BAC521F8BECB}.Release|Any CPU.Build.0 = Release|Any CPU
		{9623A7E4-EE58-43DC-9475-8709B64BA66F}.Debug|Any CPU.ActiveCfg = Debug|Any CPU
		{9623A7E4-EE58-43DC-9475-8709B64BA66F}.Debug|Any CPU.Build.0 = Debug|Any CPU
		{9623A7E4-EE58-43DC-9475-8709B64BA66F}.Release|Any CPU.ActiveCfg = Release|Any CPU
		{9623A7E4-EE58-43DC-9475-8709B64BA66F}.Release|Any CPU.Build.0 = Release|Any CPU
	EndGlobalSection
	GlobalSection(SolutionProperties) = preSolution
		HideSolutionNode = FALSE
	EndGlobalSection
	GlobalSection(ExtensibilityGlobals) = postSolution
		SolutionGuid = {E9CB618B-0DBD-4614-B6A4-8A6D03C070E2}
	EndGlobalSection
EndGlobal
